// !$*UTF8*$!
{
	archiveVersion = 1;
	classes = {
	};
	objectVersion = 56;
	objects = {

/* Begin PBXBuildFile section */
		4E35A71329844AC200514497 /* AppDelegate.swift in Sources */ = {isa = PBXBuildFile; fileRef = 4E35A71229844AC200514497 /* AppDelegate.swift */; };
		4E35A71529844AC200514497 /* SceneDelegate.swift in Sources */ = {isa = PBXBuildFile; fileRef = 4E35A71429844AC200514497 /* SceneDelegate.swift */; };
		4E35A71729844AC200514497 /* QuoteViewController.swift in Sources */ = {isa = PBXBuildFile; fileRef = 4E35A71629844AC200514497 /* QuoteViewController.swift */; };
		4E35A71A29844AC200514497 /* Main.storyboard in Resources */ = {isa = PBXBuildFile; fileRef = 4E35A71829844AC200514497 /* Main.storyboard */; };
		4E35A71C29844AC400514497 /* Assets.xcassets in Resources */ = {isa = PBXBuildFile; fileRef = 4E35A71B29844AC400514497 /* Assets.xcassets */; };
		4E35A71F29844AC400514497 /* LaunchScreen.storyboard in Resources */ = {isa = PBXBuildFile; fileRef = 4E35A71D29844AC400514497 /* LaunchScreen.storyboard */; };
		4E35A7272985AE9300514497 /* Quote.swift in Sources */ = {isa = PBXBuildFile; fileRef = 4E35A7262985AE9300514497 /* Quote.swift */; };
		4E35A7292985B47B00514497 /* QuoteController.swift in Sources */ = {isa = PBXBuildFile; fileRef = 4E35A7282985B47B00514497 /* QuoteController.swift */; };
		4ED4B1FD29878EDE00B29517 /* Episode.swift in Sources */ = {isa = PBXBuildFile; fileRef = 4ED4B1FC29878EDE00B29517 /* Episode.swift */; };
		4ED4B1FF2987962E00B29517 /* EpisodeController.swift in Sources */ = {isa = PBXBuildFile; fileRef = 4ED4B1FE2987962E00B29517 /* EpisodeController.swift */; };
		4ED4B201298796DF00B29517 /* EpisodeViewController.swift in Sources */ = {isa = PBXBuildFile; fileRef = 4ED4B200298796DF00B29517 /* EpisodeViewController.swift */; };
/* End PBXBuildFile section */

/* Begin PBXFileReference section */
		4E35A70F29844AC200514497 /* Office Quotes.app */ = {isa = PBXFileReference; explicitFileType = wrapper.application; includeInIndex = 0; path = "Office Quotes.app"; sourceTree = BUILT_PRODUCTS_DIR; };
		4E35A71229844AC200514497 /* AppDelegate.swift */ = {isa = PBXFileReference; lastKnownFileType = sourcecode.swift; path = AppDelegate.swift; sourceTree = "<group>"; };
		4E35A71429844AC200514497 /* SceneDelegate.swift */ = {isa = PBXFileReference; lastKnownFileType = sourcecode.swift; path = SceneDelegate.swift; sourceTree = "<group>"; };
		4E35A71629844AC200514497 /* QuoteViewController.swift */ = {isa = PBXFileReference; lastKnownFileType = sourcecode.swift; path = QuoteViewController.swift; sourceTree = "<group>"; };
		4E35A71929844AC200514497 /* Base */ = {isa = PBXFileReference; lastKnownFileType = file.storyboard; name = Base; path = Base.lproj/Main.storyboard; sourceTree = "<group>"; };
		4E35A71B29844AC400514497 /* Assets.xcassets */ = {isa = PBXFileReference; lastKnownFileType = folder.assetcatalog; path = Assets.xcassets; sourceTree = "<group>"; };
		4E35A71E29844AC400514497 /* Base */ = {isa = PBXFileReference; lastKnownFileType = file.storyboard; name = Base; path = Base.lproj/LaunchScreen.storyboard; sourceTree = "<group>"; };
		4E35A72029844AC400514497 /* Info.plist */ = {isa = PBXFileReference; lastKnownFileType = text.plist.xml; path = Info.plist; sourceTree = "<group>"; };
		4E35A7262985AE9300514497 /* Quote.swift */ = {isa = PBXFileReference; lastKnownFileType = sourcecode.swift; path = Quote.swift; sourceTree = "<group>"; };
		4E35A7282985B47B00514497 /* QuoteController.swift */ = {isa = PBXFileReference; lastKnownFileType = sourcecode.swift; path = QuoteController.swift; sourceTree = "<group>"; };
		4ED4B1FC29878EDE00B29517 /* Episode.swift */ = {isa = PBXFileReference; lastKnownFileType = sourcecode.swift; path = Episode.swift; sourceTree = "<group>"; };
		4ED4B1FE2987962E00B29517 /* EpisodeController.swift */ = {isa = PBXFileReference; lastKnownFileType = sourcecode.swift; path = EpisodeController.swift; sourceTree = "<group>"; };
		4ED4B200298796DF00B29517 /* EpisodeViewController.swift */ = {isa = PBXFileReference; lastKnownFileType = sourcecode.swift; path = EpisodeViewController.swift; sourceTree = "<group>"; };
/* End PBXFileReference section */

/* Begin PBXFrameworksBuildPhase section */
		4E35A70C29844AC200514497 /* Frameworks */ = {
			isa = PBXFrameworksBuildPhase;
			buildActionMask = 2147483647;
			files = (
			);
			runOnlyForDeploymentPostprocessing = 0;
		};
/* End PBXFrameworksBuildPhase section */

/* Begin PBXGroup section */
		4E35A70629844AC200514497 = {
			isa = PBXGroup;
			children = (
				4E35A71129844AC200514497 /* Office Quotes */,
				4E35A71029844AC200514497 /* Products */,
			);
			sourceTree = "<group>";
		};
		4E35A71029844AC200514497 /* Products */ = {
			isa = PBXGroup;
			children = (
				4E35A70F29844AC200514497 /* Office Quotes.app */,
			);
			name = Products;
			sourceTree = "<group>";
		};
		4E35A71129844AC200514497 /* Office Quotes */ = {
			isa = PBXGroup;
			children = (
				4ED4B1FB29878C4C00B29517 /* Controllers */,
				4ED4B1FA29878C3800B29517 /* Views */,
				4ED4B1F929878C3000B29517 /* Models */,
				4E35A71B29844AC400514497 /* Assets.xcassets */,
				4E35A72029844AC400514497 /* Info.plist */,
			);
			path = "Office Quotes";
			sourceTree = "<group>";
		};
		4ED4B1F929878C3000B29517 /* Models */ = {
			isa = PBXGroup;
			children = (
				4ED4B20529879EFD00B29517 /* Quotes */,
				4ED4B20429879EF600B29517 /* Episodes */,
			);
			path = Models;
			sourceTree = "<group>";
		};
		4ED4B1FA29878C3800B29517 /* Views */ = {
			isa = PBXGroup;
			children = (
				4E35A71829844AC200514497 /* Main.storyboard */,
				4E35A71D29844AC400514497 /* LaunchScreen.storyboard */,
			);
			path = Views;
			sourceTree = "<group>";
		};
		4ED4B1FB29878C4C00B29517 /* Controllers */ = {
			isa = PBXGroup;
			children = (
				4ED4B20329879EDF00B29517 /* Quotes */,
				4ED4B20229879ECE00B29517 /* Episodes */,
				4E35A71229844AC200514497 /* AppDelegate.swift */,
				4E35A71429844AC200514497 /* SceneDelegate.swift */,
			);
			path = Controllers;
			sourceTree = "<group>";
		};
		4ED4B20229879ECE00B29517 /* Episodes */ = {
			isa = PBXGroup;
			children = (
				4ED4B200298796DF00B29517 /* EpisodeViewController.swift */,
				4ED4B1FE2987962E00B29517 /* EpisodeController.swift */,
			);
			path = Episodes;
			sourceTree = "<group>";
		};
		4ED4B20329879EDF00B29517 /* Quotes */ = {
			isa = PBXGroup;
			children = (
				4E35A7282985B47B00514497 /* QuoteController.swift */,
				4E35A71629844AC200514497 /* QuoteViewController.swift */,
			);
			path = Quotes;
			sourceTree = "<group>";
		};
		4ED4B20429879EF600B29517 /* Episodes */ = {
			isa = PBXGroup;
			children = (
				4ED4B1FC29878EDE00B29517 /* Episode.swift */,
			);
			path = Episodes;
			sourceTree = "<group>";
		};
		4ED4B20529879EFD00B29517 /* Quotes */ = {
			isa = PBXGroup;
			children = (
				4E35A7262985AE9300514497 /* Quote.swift */,
			);
			path = Quotes;
			sourceTree = "<group>";
		};
/* End PBXGroup section */

/* Begin PBXNativeTarget section */
		4E35A70E29844AC200514497 /* Office Quotes */ = {
			isa = PBXNativeTarget;
			buildConfigurationList = 4E35A72329844AC400514497 /* Build configuration list for PBXNativeTarget "Office Quotes" */;
			buildPhases = (
				4E35A70B29844AC200514497 /* Sources */,
				4E35A70C29844AC200514497 /* Frameworks */,
				4E35A70D29844AC200514497 /* Resources */,
			);
			buildRules = (
			);
			dependencies = (
			);
			name = "Office Quotes";
			productName = "Office Quotes";
			productReference = 4E35A70F29844AC200514497 /* Office Quotes.app */;
			productType = "com.apple.product-type.application";
		};
/* End PBXNativeTarget section */

/* Begin PBXProject section */
		4E35A70729844AC200514497 /* Project object */ = {
			isa = PBXProject;
			attributes = {
				BuildIndependentTargetsInParallel = 1;
				LastSwiftUpdateCheck = 1420;
				LastUpgradeCheck = 1420;
				TargetAttributes = {
					4E35A70E29844AC200514497 = {
						CreatedOnToolsVersion = 14.2;
					};
				};
			};
			buildConfigurationList = 4E35A70A29844AC200514497 /* Build configuration list for PBXProject "Office Quotes" */;
			compatibilityVersion = "Xcode 14.0";
			developmentRegion = en;
			hasScannedForEncodings = 0;
			knownRegions = (
				en,
				Base,
			);
			mainGroup = 4E35A70629844AC200514497;
			productRefGroup = 4E35A71029844AC200514497 /* Products */;
			projectDirPath = "";
			projectRoot = "";
			targets = (
				4E35A70E29844AC200514497 /* Office Quotes */,
			);
		};
/* End PBXProject section */

/* Begin PBXResourcesBuildPhase section */
		4E35A70D29844AC200514497 /* Resources */ = {
			isa = PBXResourcesBuildPhase;
			buildActionMask = 2147483647;
			files = (
				4E35A71F29844AC400514497 /* LaunchScreen.storyboard in Resources */,
				4E35A71C29844AC400514497 /* Assets.xcassets in Resources */,
				4E35A71A29844AC200514497 /* Main.storyboard in Resources */,
			);
			runOnlyForDeploymentPostprocessing = 0;
		};
/* End PBXResourcesBuildPhase section */

/* Begin PBXSourcesBuildPhase section */
		4E35A70B29844AC200514497 /* Sources */ = {
			isa = PBXSourcesBuildPhase;
			buildActionMask = 2147483647;
			files = (
				4E35A7292985B47B00514497 /* QuoteController.swift in Sources */,
				4ED4B1FD29878EDE00B29517 /* Episode.swift in Sources */,
				4E35A7272985AE9300514497 /* Quote.swift in Sources */,
				4E35A71729844AC200514497 /* QuoteViewController.swift in Sources */,
				4E35A71329844AC200514497 /* AppDelegate.swift in Sources */,
				4E35A71529844AC200514497 /* SceneDelegate.swift in Sources */,
				4ED4B201298796DF00B29517 /* EpisodeViewController.swift in Sources */,
				4ED4B1FF2987962E00B29517 /* EpisodeController.swift in Sources */,
			);
			runOnlyForDeploymentPostprocessing = 0;
		};
/* End PBXSourcesBuildPhase section */

/* Begin PBXVariantGroup section */
		4E35A71829844AC200514497 /* Main.storyboard */ = {
			isa = PBXVariantGroup;
			children = (
				4E35A71929844AC200514497 /* Base */,
			);
			name = Main.storyboard;
			sourceTree = "<group>";
		};
		4E35A71D29844AC400514497 /* LaunchScreen.storyboard */ = {
			isa = PBXVariantGroup;
			children = (
				4E35A71E29844AC400514497 /* Base */,
			);
			name = LaunchScreen.storyboard;
			sourceTree = "<group>";
		};
/* End PBXVariantGroup section */

/* Begin XCBuildConfiguration section */
		4E35A72129844AC400514497 /* Debug */ = {
			isa = XCBuildConfiguration;
			buildSettings = {
				ALWAYS_SEARCH_USER_PATHS = NO;
				CLANG_ANALYZER_NONNULL = YES;
				CLANG_ANALYZER_NUMBER_OBJECT_CONVERSION = YES_AGGRESSIVE;
				CLANG_CXX_LANGUAGE_STANDARD = "gnu++20";
				CLANG_ENABLE_MODULES = YES;
				CLANG_ENABLE_OBJC_ARC = YES;
				CLANG_ENABLE_OBJC_WEAK = YES;
				CLANG_WARN_BLOCK_CAPTURE_AUTORELEASING = YES;
				CLANG_WARN_BOOL_CONVERSION = YES;
				CLANG_WARN_COMMA = YES;
				CLANG_WARN_CONSTANT_CONVERSION = YES;
				CLANG_WARN_DEPRECATED_OBJC_IMPLEMENTATIONS = YES;
				CLANG_WARN_DIRECT_OBJC_ISA_USAGE = YES_ERROR;
				CLANG_WARN_DOCUMENTATION_COMMENTS = YES;
				CLANG_WARN_EMPTY_BODY = YES;
				CLANG_WARN_ENUM_CONVERSION = YES;
				CLANG_WARN_INFINITE_RECURSION = YES;
				CLANG_WARN_INT_CONVERSION = YES;
				CLANG_WARN_NON_LITERAL_NULL_CONVERSION = YES;
				CLANG_WARN_OBJC_IMPLICIT_RETAIN_SELF = YES;
				CLANG_WARN_OBJC_LITERAL_CONVERSION = YES;
				CLANG_WARN_OBJC_ROOT_CLASS = YES_ERROR;
				CLANG_WARN_QUOTED_INCLUDE_IN_FRAMEWORK_HEADER = YES;
				CLANG_WARN_RANGE_LOOP_ANALYSIS = YES;
				CLANG_WARN_STRICT_PROTOTYPES = YES;
				CLANG_WARN_SUSPICIOUS_MOVE = YES;
				CLANG_WARN_UNGUARDED_AVAILABILITY = YES_AGGRESSIVE;
				CLANG_WARN_UNREACHABLE_CODE = YES;
				CLANG_WARN__DUPLICATE_METHOD_MATCH = YES;
				COPY_PHASE_STRIP = NO;
				DEBUG_INFORMATION_FORMAT = dwarf;
				ENABLE_STRICT_OBJC_MSGSEND = YES;
				ENABLE_TESTABILITY = YES;
				GCC_C_LANGUAGE_STANDARD = gnu11;
				GCC_DYNAMIC_NO_PIC = NO;
				GCC_NO_COMMON_BLOCKS = YES;
				GCC_OPTIMIZATION_LEVEL = 0;
				GCC_PREPROCESSOR_DEFINITIONS = (
					"DEBUG=1",
					"$(inherited)",
				);
				GCC_WARN_64_TO_32_BIT_CONVERSION = YES;
				GCC_WARN_ABOUT_RETURN_TYPE = YES_ERROR;
				GCC_WARN_UNDECLARED_SELECTOR = YES;
				GCC_WARN_UNINITIALIZED_AUTOS = YES_AGGRESSIVE;
				GCC_WARN_UNUSED_FUNCTION = YES;
				GCC_WARN_UNUSED_VARIABLE = YES;
				IPHONEOS_DEPLOYMENT_TARGET = 16.2;
				MTL_ENABLE_DEBUG_INFO = INCLUDE_SOURCE;
				MTL_FAST_MATH = YES;
				ONLY_ACTIVE_ARCH = YES;
				SDKROOT = iphoneos;
				SWIFT_ACTIVE_COMPILATION_CONDITIONS = DEBUG;
				SWIFT_OPTIMIZATION_LEVEL = "-Onone";
			};
			name = Debug;
		};
		4E35A72229844AC400514497 /* Release */ = {
			isa = XCBuildConfiguration;
			buildSettings = {
				ALWAYS_SEARCH_USER_PATHS = NO;
				CLANG_ANALYZER_NONNULL = YES;
				CLANG_ANALYZER_NUMBER_OBJECT_CONVERSION = YES_AGGRESSIVE;
				CLANG_CXX_LANGUAGE_STANDARD = "gnu++20";
				CLANG_ENABLE_MODULES = YES;
				CLANG_ENABLE_OBJC_ARC = YES;
				CLANG_ENABLE_OBJC_WEAK = YES;
				CLANG_WARN_BLOCK_CAPTURE_AUTORELEASING = YES;
				CLANG_WARN_BOOL_CONVERSION = YES;
				CLANG_WARN_COMMA = YES;
				CLANG_WARN_CONSTANT_CONVERSION = YES;
				CLANG_WARN_DEPRECATED_OBJC_IMPLEMENTATIONS = YES;
				CLANG_WARN_DIRECT_OBJC_ISA_USAGE = YES_ERROR;
				CLANG_WARN_DOCUMENTATION_COMMENTS = YES;
				CLANG_WARN_EMPTY_BODY = YES;
				CLANG_WARN_ENUM_CONVERSION = YES;
				CLANG_WARN_INFINITE_RECURSION = YES;
				CLANG_WARN_INT_CONVERSION = YES;
				CLANG_WARN_NON_LITERAL_NULL_CONVERSION = YES;
				CLANG_WARN_OBJC_IMPLICIT_RETAIN_SELF = YES;
				CLANG_WARN_OBJC_LITERAL_CONVERSION = YES;
				CLANG_WARN_OBJC_ROOT_CLASS = YES_ERROR;
				CLANG_WARN_QUOTED_INCLUDE_IN_FRAMEWORK_HEADER = YES;
				CLANG_WARN_RANGE_LOOP_ANALYSIS = YES;
				CLANG_WARN_STRICT_PROTOTYPES = YES;
				CLANG_WARN_SUSPICIOUS_MOVE = YES;
				CLANG_WARN_UNGUARDED_AVAILABILITY = YES_AGGRESSIVE;
				CLANG_WARN_UNREACHABLE_CODE = YES;
				CLANG_WARN__DUPLICATE_METHOD_MATCH = YES;
				COPY_PHASE_STRIP = NO;
				DEBUG_INFORMATION_FORMAT = "dwarf-with-dsym";
				ENABLE_NS_ASSERTIONS = NO;
				ENABLE_STRICT_OBJC_MSGSEND = YES;
				GCC_C_LANGUAGE_STANDARD = gnu11;
				GCC_NO_COMMON_BLOCKS = YES;
				GCC_WARN_64_TO_32_BIT_CONVERSION = YES;
				GCC_WARN_ABOUT_RETURN_TYPE = YES_ERROR;
				GCC_WARN_UNDECLARED_SELECTOR = YES;
				GCC_WARN_UNINITIALIZED_AUTOS = YES_AGGRESSIVE;
				GCC_WARN_UNUSED_FUNCTION = YES;
				GCC_WARN_UNUSED_VARIABLE = YES;
				IPHONEOS_DEPLOYMENT_TARGET = 16.2;
				MTL_ENABLE_DEBUG_INFO = NO;
				MTL_FAST_MATH = YES;
				SDKROOT = iphoneos;
				SWIFT_COMPILATION_MODE = wholemodule;
				SWIFT_OPTIMIZATION_LEVEL = "-O";
				VALIDATE_PRODUCT = YES;
			};
			name = Release;
		};
		4E35A72429844AC400514497 /* Debug */ = {
			isa = XCBuildConfiguration;
			buildSettings = {
				ASSETCATALOG_COMPILER_APPICON_NAME = AppIcon;
				ASSETCATALOG_COMPILER_GLOBAL_ACCENT_COLOR_NAME = AccentColor;
				CODE_SIGN_STYLE = Automatic;
				CURRENT_PROJECT_VERSION = 1;
				DEVELOPMENT_TEAM = 9JL22B5JQQ;
				GENERATE_INFOPLIST_FILE = YES;
				INFOPLIST_FILE = "Office Quotes/Info.plist";
				INFOPLIST_KEY_UIApplicationSupportsIndirectInputEvents = YES;
				INFOPLIST_KEY_UILaunchStoryboardName = LaunchScreen;
				INFOPLIST_KEY_UIMainStoryboardFile = Main;
				INFOPLIST_KEY_UISupportedInterfaceOrientations_iPad = "UIInterfaceOrientationPortrait UIInterfaceOrientationPortraitUpsideDown UIInterfaceOrientationLandscapeLeft UIInterfaceOrientationLandscapeRight";
				INFOPLIST_KEY_UISupportedInterfaceOrientations_iPhone = "UIInterfaceOrientationPortrait UIInterfaceOrientationLandscapeLeft UIInterfaceOrientationLandscapeRight";
				LD_RUNPATH_SEARCH_PATHS = (
					"$(inherited)",
					"@executable_path/Frameworks",
				);
				MARKETING_VERSION = 1.0;
				PRODUCT_BUNDLE_IDENTIFIER = "com.shadonInstitute.Office-Quotes";
				PRODUCT_NAME = "$(TARGET_NAME)";
				SWIFT_EMIT_LOC_STRINGS = YES;
				SWIFT_VERSION = 5.0;
				TARGETED_DEVICE_FAMILY = "1,2";
			};
			name = Debug;
		};
		4E35A72529844AC400514497 /* Release */ = {
			isa = XCBuildConfiguration;
			buildSettings = {
				ASSETCATALOG_COMPILER_APPICON_NAME = AppIcon;
				ASSETCATALOG_COMPILER_GLOBAL_ACCENT_COLOR_NAME = AccentColor;
				CODE_SIGN_STYLE = Automatic;
				CURRENT_PROJECT_VERSION = 1;
				DEVELOPMENT_TEAM = 9JL22B5JQQ;
				GENERATE_INFOPLIST_FILE = YES;
				INFOPLIST_FILE = "Office Quotes/Info.plist";
				INFOPLIST_KEY_UIApplicationSupportsIndirectInputEvents = YES;
				INFOPLIST_KEY_UILaunchStoryboardName = LaunchScreen;
				INFOPLIST_KEY_UIMainStoryboardFile = Main;
				INFOPLIST_KEY_UISupportedInterfaceOrientations_iPad = "UIInterfaceOrientationPortrait UIInterfaceOrientationPortraitUpsideDown UIInterfaceOrientationLandscapeLeft UIInterfaceOrientationLandscapeRight";
				INFOPLIST_KEY_UISupportedInterfaceOrientations_iPhone = "UIInterfaceOrientationPortrait UIInterfaceOrientationLandscapeLeft UIInterfaceOrientationLandscapeRight";
				LD_RUNPATH_SEARCH_PATHS = (
					"$(inherited)",
					"@executable_path/Frameworks",
				);
				MARKETING_VERSION = 1.0;
				PRODUCT_BUNDLE_IDENTIFIER = "com.shadonInstitute.Office-Quotes";
				PRODUCT_NAME = "$(TARGET_NAME)";
				SWIFT_EMIT_LOC_STRINGS = YES;
				SWIFT_VERSION = 5.0;
				TARGETED_DEVICE_FAMILY = "1,2";
			};
			name = Release;
		};
/* End XCBuildConfiguration section */

/* Begin XCConfigurationList section */
		4E35A70A29844AC200514497 /* Build configuration list for PBXProject "Office Quotes" */ = {
			isa = XCConfigurationList;
			buildConfigurations = (
				4E35A72129844AC400514497 /* Debug */,
				4E35A72229844AC400514497 /* Release */,
			);
			defaultConfigurationIsVisible = 0;
			defaultConfigurationName = Release;
		};
		4E35A72329844AC400514497 /* Build configuration list for PBXNativeTarget "Office Quotes" */ = {
			isa = XCConfigurationList;
			buildConfigurations = (
				4E35A72429844AC400514497 /* Debug */,
				4E35A72529844AC400514497 /* Release */,
			);
			defaultConfigurationIsVisible = 0;
			defaultConfigurationName = Release;
		};
/* End XCConfigurationList section */
	};
	rootObject = 4E35A70729844AC200514497 /* Project object */;
}
